
Microsoft Visual Studio Solution File, Format Version 12.00
# Visual Studio Version 17
VisualStudioVersion = 17.0.31903.59
MinimumVisualStudioVersion = 10.0.40219.1
Project("{FAE04EC0-301F-11D3-BF4B-00C04F79EFBC}") = "QT1", "QT1\QT1.csproj", "{6EF3C4E6-96BE-425C-97A5-5A31432E372D}"
EndProject
Project("{FAE04EC0-301F-11D3-BF4B-00C04F79EFBC}") = "QT2", "QT2\QT2.csproj", "{BA2CF90A-5D4E-4412-860B-629F7386547F}"
EndProject
Project("{FAE04EC0-301F-11D3-BF4B-00C04F79EFBC}") = "QT3", "QT3\QT3.csproj", "{5B9A46E5-AB9F-4EA8-A485-D841D063B3B5}"
EndProject
Project("{FAE04EC0-301F-11D3-BF4B-00C04F79EFBC}") = "QT4", "QT4\QT4.csproj", "{008BBE73-996E-4873-8E11-2DAA4BFBB36E}"
EndProject
Project("{FAE04EC0-301F-11D3-BF4B-00C04F79EFBC}") = "QT5", "QT5\QT5.csproj", "{722C6973-05A0-42EF-BFDF-9DD539E81B9F}"
EndProject
Project("{FAE04EC0-301F-11D3-BF4B-00C04F79EFBC}") = "QT6", "QT6\QT6.csproj", "{EAD1D1D2-F961-4A64-A718-AC874A6D6329}"
EndProject
Project("{FAE04EC0-301F-11D3-BF4B-00C04F79EFBC}") = "QT7", "QT7\QT7.csproj", "{2B310DB2-78D2-4769-98A9-7FA509FFD8A6}"
EndProject
Project("{FAE04EC0-301F-11D3-BF4B-00C04F79EFBC}") = "QT8", "QT8\QT8.csproj", "{D09B4DB9-9FB1-488C-8D82-7EDE1A3AD2DE}"
EndProject
Project("{FAE04EC0-301F-11D3-BF4B-00C04F79EFBC}") = "QT9", "QT9\QT9.csproj", "{B8E4F8F9-9057-4C83-B4F5-20132D455EAB}"
EndProject
Project("{FAE04EC0-301F-11D3-BF4B-00C04F79EFBC}") = "QT10", "QT10\QT10.csproj", "{51356372-0474-43ED-989C-083148BA480E}"
EndProject
Global
	GlobalSection(SolutionConfigurationPlatforms) = preSolution
		Debug|Any CPU = Debug|Any CPU
		Release|Any CPU = Release|Any CPU
	EndGlobalSection
	GlobalSection(SolutionProperties) = preSolution
		HideSolutionNode = FALSE
	EndGlobalSection
	GlobalSection(ProjectConfigurationPlatforms) = postSolution
		{6EF3C4E6-96BE-425C-97A5-5A31432E372D}.Debug|Any CPU.ActiveCfg = Debug|Any CPU
		{6EF3C4E6-96BE-425C-97A5-5A31432E372D}.Debug|Any CPU.Build.0 = Debug|Any CPU
		{6EF3C4E6-96BE-425C-97A5-5A31432E372D}.Release|Any CPU.ActiveCfg = Release|Any CPU
		{6EF3C4E6-96BE-425C-97A5-5A31432E372D}.Release|Any CPU.Build.0 = Release|Any CPU
		{BA2CF90A-5D4E-4412-860B-629F7386547F}.Debug|Any CPU.ActiveCfg = Debug|Any CPU
		{BA2CF90A-5D4E-4412-860B-629F7386547F}.Debug|Any CPU.Build.0 = Debug|Any CPU
		{BA2CF90A-5D4E-4412-860B-629F7386547F}.Release|Any CPU.ActiveCfg = Release|Any CPU
		{BA2CF90A-5D4E-4412-860B-629F7386547F}.Release|Any CPU.Build.0 = Release|Any CPU
		{5B9A46E5-AB9F-4EA8-A485-D841D063B3B5}.Debug|Any CPU.ActiveCfg = Debug|Any CPU
		{5B9A46E5-AB9F-4EA8-A485-D841D063B3B5}.Debug|Any CPU.Build.0 = Debug|Any CPU
		{5B9A46E5-AB9F-4EA8-A485-D841D063B3B5}.Release|Any CPU.ActiveCfg = Release|Any CPU
		{5B9A46E5-AB9F-4EA8-A485-D841D063B3B5}.Release|Any CPU.Build.0 = Release|Any CPU
		{008BBE73-996E-4873-8E11-2DAA4BFBB36E}.Debug|Any CPU.ActiveCfg = Debug|Any CPU
		{008BBE73-996E-4873-8E11-2DAA4BFBB36E}.Debug|Any CPU.Build.0 = Debug|Any CPU
		{008BBE73-996E-4873-8E11-2DAA4BFBB36E}.Release|Any CPU.ActiveCfg = Release|Any CPU
		{008BBE73-996E-4873-8E11-2DAA4BFBB36E}.Release|Any CPU.Build.0 = Release|Any CPU
		{722C6973-05A0-42EF-BFDF-9DD539E81B9F}.Debug|Any CPU.ActiveCfg = Debug|Any CPU
		{722C6973-05A0-42EF-BFDF-9DD539E81B9F}.Debug|Any CPU.Build.0 = Debug|Any CPU
		{722C6973-05A0-42EF-BFDF-9DD539E81B9F}.Release|Any CPU.ActiveCfg = Release|Any CPU
		{722C6973-05A0-42EF-BFDF-9DD539E81B9F}.Release|Any CPU.Build.0 = Release|Any CPU
		{EAD1D1D2-F961-4A64-A718-AC874A6D6329}.Debug|Any CPU.ActiveCfg = Debug|Any CPU
		{EAD1D1D2-F961-4A64-A718-AC874A6D6329}.Debug|Any CPU.Build.0 = Debug|Any CPU
		{EAD1D1D2-F961-4A64-A718-AC874A6D6329}.Release|Any CPU.ActiveCfg = Release|Any CPU
		{EAD1D1D2-F961-4A64-A718-AC874A6D6329}.Release|Any CPU.Build.0 = Release|Any CPU
		{2B310DB2-78D2-4769-98A9-7FA509FFD8A6}.Debug|Any CPU.ActiveCfg = Debug|Any CPU
		{2B310DB2-78D2-4769-98A9-7FA509FFD8A6}.Debug|Any CPU.Build.0 = Debug|Any CPU
		{2B310DB2-78D2-4769-98A9-7FA509FFD8A6}.Release|Any CPU.ActiveCfg = Release|Any CPU
		{2B310DB2-78D2-4769-98A9-7FA509FFD8A6}.Release|Any CPU.Build.0 = Release|Any CPU
		{D09B4DB9-9FB1-488C-8D82-7EDE1A3AD2DE}.Debug|Any CPU.ActiveCfg = Debug|Any CPU
		{D09B4DB9-9FB1-488C-8D82-7EDE1A3AD2DE}.Debug|Any CPU.Build.0 = Debug|Any CPU
		{D09B4DB9-9FB1-488C-8D82-7EDE1A3AD2DE}.Release|Any CPU.ActiveCfg = Release|Any CPU
		{D09B4DB9-9FB1-488C-8D82-7EDE1A3AD2DE}.Release|Any CPU.Build.0 = Release|Any CPU
		{B8E4F8F9-9057-4C83-B4F5-20132D455EAB}.Debug|Any CPU.ActiveCfg = Debug|Any CPU
		{B8E4F8F9-9057-4C83-B4F5-20132D455EAB}.Debug|Any CPU.Build.0 = Debug|Any CPU
		{B8E4F8F9-9057-4C83-B4F5-20132D455EAB}.Release|Any CPU.ActiveCfg = Release|Any CPU
		{B8E4F8F9-9057-4C83-B4F5-20132D455EAB}.Release|Any CPU.Build.0 = Release|Any CPU
		{51356372-0474-43ED-989C-083148BA480E}.Debug|Any CPU.ActiveCfg = Debug|Any CPU
		{51356372-0474-43ED-989C-083148BA480E}.Debug|Any CPU.Build.0 = Debug|Any CPU
		{51356372-0474-43ED-989C-083148BA480E}.Release|Any CPU.ActiveCfg = Release|Any CPU
		{51356372-0474-43ED-989C-083148BA480E}.Release|Any CPU.Build.0 = Release|Any CPU
	EndGlobalSection
EndGlobal
